// !$*UTF8*$!
{
	archiveVersion = 1;
	classes = {
	};
	objectVersion = 46;
	objects = {

/* Begin PBXBuildFile section */
		5159796B1E96073200EEB796 /* Main.storyboard in Resources */ = {isa = PBXBuildFile; fileRef = 515979691E96073200EEB796 /* Main.storyboard */; };
		515979701E96073200EEB796 /* LaunchScreen.storyboard in Resources */ = {isa = PBXBuildFile; fileRef = 5159796E1E96073200EEB796 /* LaunchScreen.storyboard */; };
		5159797A1E960CF700EEB796 /* AppDelegate.swift in Sources */ = {isa = PBXBuildFile; fileRef = 515979781E960CF700EEB796 /* AppDelegate.swift */; };
		515979991E96120100EEB796 /* LoginInteractor.swift in Sources */ = {isa = PBXBuildFile; fileRef = 515979981E96120100EEB796 /* LoginInteractor.swift */; };
		5159799F1E96123800EEB796 /* LoginRouter.swift in Sources */ = {isa = PBXBuildFile; fileRef = 5159799E1E96123800EEB796 /* LoginRouter.swift */; };
		515979A11E96124200EEB796 /* LoginViewController.swift in Sources */ = {isa = PBXBuildFile; fileRef = 515979A01E96124200EEB796 /* LoginViewController.swift */; };
		515979A31E96125000EEB796 /* LoginProtocols.swift in Sources */ = {isa = PBXBuildFile; fileRef = 515979A21E96125000EEB796 /* LoginProtocols.swift */; };
		515979A51E96126000EEB796 /* LoginPresenter.swift in Sources */ = {isa = PBXBuildFile; fileRef = 515979A41E96126000EEB796 /* LoginPresenter.swift */; };
		515979A81E961CD000EEB796 /* StoryBoardIdentifier.swift in Sources */ = {isa = PBXBuildFile; fileRef = 515979A71E961CD000EEB796 /* StoryBoardIdentifier.swift */; };
		515979AA1E96268600EEB796 /* LoginView.swift in Sources */ = {isa = PBXBuildFile; fileRef = 515979A91E96268600EEB796 /* LoginView.swift */; };
		515979AC1E96336A00EEB796 /* Assets.xcassets in Resources */ = {isa = PBXBuildFile; fileRef = 515979AB1E96336A00EEB796 /* Assets.xcassets */; };
		515979AF1E9649B900EEB796 /* Yellowtail-Regular.ttf in Resources */ = {isa = PBXBuildFile; fileRef = 515979AE1E9649B900EEB796 /* Yellowtail-Regular.ttf */; };
/* End PBXBuildFile section */

/* Begin PBXFileReference section */
		515979621E96073200EEB796 /* AssetTracking.app */ = {isa = PBXFileReference; explicitFileType = wrapper.application; includeInIndex = 0; path = AssetTracking.app; sourceTree = BUILT_PRODUCTS_DIR; };
		5159796A1E96073200EEB796 /* Base */ = {isa = PBXFileReference; lastKnownFileType = file.storyboard; name = Base; path = Base.lproj/Main.storyboard; sourceTree = "<group>"; };
		5159796F1E96073200EEB796 /* Base */ = {isa = PBXFileReference; lastKnownFileType = file.storyboard; name = Base; path = Base.lproj/LaunchScreen.storyboard; sourceTree = "<group>"; };
		515979711E96073200EEB796 /* Info.plist */ = {isa = PBXFileReference; lastKnownFileType = text.plist.xml; path = Info.plist; sourceTree = "<group>"; };
		515979781E960CF700EEB796 /* AppDelegate.swift */ = {isa = PBXFileReference; fileEncoding = 4; lastKnownFileType = sourcecode.swift; name = AppDelegate.swift; path = Classes/AppDelegate.swift; sourceTree = "<group>"; };
		515979981E96120100EEB796 /* LoginInteractor.swift */ = {isa = PBXFileReference; fileEncoding = 4; lastKnownFileType = sourcecode.swift; name = LoginInteractor.swift; path = Classes/Modules/Login/Interactor/LoginInteractor.swift; sourceTree = "<group>"; };
		5159799E1E96123800EEB796 /* LoginRouter.swift */ = {isa = PBXFileReference; fileEncoding = 4; lastKnownFileType = sourcecode.swift; name = LoginRouter.swift; path = Classes/Modules/Login/WireFrame/LoginRouter.swift; sourceTree = "<group>"; };
		515979A01E96124200EEB796 /* LoginViewController.swift */ = {isa = PBXFileReference; fileEncoding = 4; lastKnownFileType = sourcecode.swift; name = LoginViewController.swift; path = Classes/Modules/Login/View/LoginViewController.swift; sourceTree = "<group>"; };
		515979A21E96125000EEB796 /* LoginProtocols.swift */ = {isa = PBXFileReference; fileEncoding = 4; lastKnownFileType = sourcecode.swift; name = LoginProtocols.swift; path = Classes/Modules/Login/Protocols/LoginProtocols.swift; sourceTree = "<group>"; };
		515979A41E96126000EEB796 /* LoginPresenter.swift */ = {isa = PBXFileReference; fileEncoding = 4; lastKnownFileType = sourcecode.swift; name = LoginPresenter.swift; path = Classes/Modules/Login/Presenter/LoginPresenter.swift; sourceTree = "<group>"; };
		515979A71E961CD000EEB796 /* StoryBoardIdentifier.swift */ = {isa = PBXFileReference; fileEncoding = 4; lastKnownFileType = sourcecode.swift; name = StoryBoardIdentifier.swift; path = Classes/Common/StoryBoardIdentifier.swift; sourceTree = "<group>"; };
		515979A91E96268600EEB796 /* LoginView.swift */ = {isa = PBXFileReference; fileEncoding = 4; lastKnownFileType = sourcecode.swift; name = LoginView.swift; path = Classes/Modules/Login/View/LoginView.swift; sourceTree = "<group>"; };
		515979AB1E96336A00EEB796 /* Assets.xcassets */ = {isa = PBXFileReference; lastKnownFileType = folder.assetcatalog; path = Assets.xcassets; sourceTree = "<group>"; };
		515979AE1E9649B900EEB796 /* Yellowtail-Regular.ttf */ = {isa = PBXFileReference; lastKnownFileType = file; name = "Yellowtail-Regular.ttf"; path = "Classes/Common/CustomFonts/Yellowtail-Regular.ttf"; sourceTree = "<group>"; };
/* End PBXFileReference section */

/* Begin PBXFrameworksBuildPhase section */
		5159795F1E96073200EEB796 /* Frameworks */ = {
			isa = PBXFrameworksBuildPhase;
			buildActionMask = 2147483647;
			files = (
			);
			runOnlyForDeploymentPostprocessing = 0;
		};
/* End PBXFrameworksBuildPhase section */

/* Begin PBXGroup section */
		515979591E96073200EEB796 = {
			isa = PBXGroup;
			children = (
				515979641E96073200EEB796 /* AssetTracking */,
				515979631E96073200EEB796 /* Products */,
			);
			sourceTree = "<group>";
		};
		515979631E96073200EEB796 /* Products */ = {
			isa = PBXGroup;
			children = (
				515979621E96073200EEB796 /* AssetTracking.app */,
			);
			name = Products;
			sourceTree = "<group>";
		};
		515979641E96073200EEB796 /* AssetTracking */ = {
			isa = PBXGroup;
			children = (
				515979771E960CB700EEB796 /* Classes */,
				515979691E96073200EEB796 /* Main.storyboard */,
				515979AB1E96336A00EEB796 /* Assets.xcassets */,
				5159796E1E96073200EEB796 /* LaunchScreen.storyboard */,
				515979711E96073200EEB796 /* Info.plist */,
			);
			path = AssetTracking;
			sourceTree = "<group>";
		};
		515979771E960CB700EEB796 /* Classes */ = {
			isa = PBXGroup;
			children = (
				515979A61E96130E00EEB796 /* Common */,
				5159797D1E960EB700EEB796 /* Modules */,
				515979781E960CF700EEB796 /* AppDelegate.swift */,
			);
			name = Classes;
			sourceTree = "<group>";
		};
		5159797C1E960DA000EEB796 /* Login */ = {
			isa = PBXGroup;
			children = (
				5159799D1E96122700EEB796 /* WireFrame */,
				5159799C1E96121F00EEB796 /* Protocols */,
				5159799B1E96121600EEB796 /* View */,
				5159799A1E96120A00EEB796 /* Presenter */,
				515979971E9611E900EEB796 /* Interactor */,
				515979961E9611DE00EEB796 /* DataManager */,
			);
			name = Login;
			sourceTree = "<group>";
		};
		5159797D1E960EB700EEB796 /* Modules */ = {
			isa = PBXGroup;
			children = (
				5159797C1E960DA000EEB796 /* Login */,
			);
			name = Modules;
			sourceTree = "<group>";
		};
		515979961E9611DE00EEB796 /* DataManager */ = {
			isa = PBXGroup;
			children = (
			);
			name = DataManager;
			sourceTree = "<group>";
		};
		515979971E9611E900EEB796 /* Interactor */ = {
			isa = PBXGroup;
			children = (
				515979981E96120100EEB796 /* LoginInteractor.swift */,
			);
			name = Interactor;
			sourceTree = "<group>";
		};
		5159799A1E96120A00EEB796 /* Presenter */ = {
			isa = PBXGroup;
			children = (
				515979A41E96126000EEB796 /* LoginPresenter.swift */,
			);
			name = Presenter;
			sourceTree = "<group>";
		};
		5159799B1E96121600EEB796 /* View */ = {
			isa = PBXGroup;
			children = (
				515979A01E96124200EEB796 /* LoginViewController.swift */,
				515979A91E96268600EEB796 /* LoginView.swift */,
			);
			name = View;
			sourceTree = "<group>";
		};
		5159799C1E96121F00EEB796 /* Protocols */ = {
			isa = PBXGroup;
			children = (
				515979A21E96125000EEB796 /* LoginProtocols.swift */,
			);
			name = Protocols;
			sourceTree = "<group>";
		};
		5159799D1E96122700EEB796 /* WireFrame */ = {
			isa = PBXGroup;
			children = (
				5159799E1E96123800EEB796 /* LoginRouter.swift */,
			);
			name = WireFrame;
			sourceTree = "<group>";
		};
		515979A61E96130E00EEB796 /* Common */ = {
			isa = PBXGroup;
			children = (
				515979AD1E96497800EEB796 /* CustomFonts */,
				515979A71E961CD000EEB796 /* StoryBoardIdentifier.swift */,
			);
			name = Common;
			sourceTree = "<group>";
		};
		515979AD1E96497800EEB796 /* CustomFonts */ = {
			isa = PBXGroup;
			children = (
				515979AE1E9649B900EEB796 /* Yellowtail-Regular.ttf */,
			);
			name = CustomFonts;
			sourceTree = "<group>";
		};
/* End PBXGroup section */

/* Begin PBXNativeTarget section */
		515979611E96073200EEB796 /* AssetTracking */ = {
			isa = PBXNativeTarget;
			buildConfigurationList = 515979741E96073200EEB796 /* Build configuration list for PBXNativeTarget "AssetTracking" */;
			buildPhases = (
				5159795E1E96073200EEB796 /* Sources */,
				5159795F1E96073200EEB796 /* Frameworks */,
				515979601E96073200EEB796 /* Resources */,
			);
			buildRules = (
			);
			dependencies = (
			);
			name = AssetTracking;
			productName = AssetTracking;
			productReference = 515979621E96073200EEB796 /* AssetTracking.app */;
			productType = "com.apple.product-type.application";
		};
/* End PBXNativeTarget section */

/* Begin PBXProject section */
		5159795A1E96073200EEB796 /* Project object */ = {
			isa = PBXProject;
			attributes = {
				LastSwiftUpdateCheck = 0820;
				LastUpgradeCheck = 0820;
				ORGANIZATIONNAME = "Padalingam A";
				TargetAttributes = {
					515979611E96073200EEB796 = {
						CreatedOnToolsVersion = 8.2.1;
						DevelopmentTeam = P72293BTY9;
						LastSwiftMigration = 0820;
						ProvisioningStyle = Automatic;
					};
				};
			};
			buildConfigurationList = 5159795D1E96073200EEB796 /* Build configuration list for PBXProject "AssetTracking" */;
			compatibilityVersion = "Xcode 3.2";
			developmentRegion = English;
			hasScannedForEncodings = 0;
			knownRegions = (
				en,
				Base,
			);
			mainGroup = 515979591E96073200EEB796;
			productRefGroup = 515979631E96073200EEB796 /* Products */;
			projectDirPath = "";
			projectRoot = "";
			targets = (
				515979611E96073200EEB796 /* AssetTracking */,
			);
		};
/* End PBXProject section */

/* Begin PBXResourcesBuildPhase section */
		515979601E96073200EEB796 /* Resources */ = {
			isa = PBXResourcesBuildPhase;
			buildActionMask = 2147483647;
			files = (
				515979701E96073200EEB796 /* LaunchScreen.storyboard in Resources */,
				515979AC1E96336A00EEB796 /* Assets.xcassets in Resources */,
				5159796B1E96073200EEB796 /* Main.storyboard in Resources */,
				515979AF1E9649B900EEB796 /* Yellowtail-Regular.ttf in Resources */,
			);
			runOnlyForDeploymentPostprocessing = 0;
		};
/* End PBXResourcesBuildPhase section */

/* Begin PBXSourcesBuildPhase section */
		5159795E1E96073200EEB796 /* Sources */ = {
			isa = PBXSourcesBuildPhase;
			buildActionMask = 2147483647;
			files = (
				515979A51E96126000EEB796 /* LoginPresenter.swift in Sources */,
				515979A11E96124200EEB796 /* LoginViewController.swift in Sources */,
				515979A31E96125000EEB796 /* LoginProtocols.swift in Sources */,
				515979991E96120100EEB796 /* LoginInteractor.swift in Sources */,
				5159797A1E960CF700EEB796 /* AppDelegate.swift in Sources */,
				5159799F1E96123800EEB796 /* LoginRouter.swift in Sources */,
				515979AA1E96268600EEB796 /* LoginView.swift in Sources */,
				515979A81E961CD000EEB796 /* StoryBoardIdentifier.swift in Sources */,
			);
			runOnlyForDeploymentPostprocessing = 0;
		};
/* End PBXSourcesBuildPhase section */

/* Begin PBXVariantGroup section */
		515979691E96073200EEB796 /* Main.storyboard */ = {
			isa = PBXVariantGroup;
			children = (
				5159796A1E96073200EEB796 /* Base */,
			);
			name = Main.storyboard;
			sourceTree = "<group>";
		};
		5159796E1E96073200EEB796 /* LaunchScreen.storyboard */ = {
			isa = PBXVariantGroup;
			children = (
				5159796F1E96073200EEB796 /* Base */,
			);
			name = LaunchScreen.storyboard;
			sourceTree = "<group>";
		};
/* End PBXVariantGroup section */

/* Begin XCBuildConfiguration section */
		515979721E96073200EEB796 /* Debug */ = {
			isa = XCBuildConfiguration;
			buildSettings = {
				ALWAYS_SEARCH_USER_PATHS = NO;
				CLANG_ANALYZER_NONNULL = YES;
				CLANG_CXX_LANGUAGE_STANDARD = "gnu++0x";
				CLANG_CXX_LIBRARY = "libc++";
				CLANG_ENABLE_MODULES = YES;
				CLANG_ENABLE_OBJC_ARC = YES;
				CLANG_WARN_BOOL_CONVERSION = YES;
				CLANG_WARN_CONSTANT_CONVERSION = YES;
				CLANG_WARN_DIRECT_OBJC_ISA_USAGE = YES_ERROR;
				CLANG_WARN_DOCUMENTATION_COMMENTS = YES;
				CLANG_WARN_EMPTY_BODY = YES;
				CLANG_WARN_ENUM_CONVERSION = YES;
				CLANG_WARN_INFINITE_RECURSION = YES;
				CLANG_WARN_INT_CONVERSION = YES;
				CLANG_WARN_OBJC_ROOT_CLASS = YES_ERROR;
				CLANG_WARN_SUSPICIOUS_MOVE = YES;
				CLANG_WARN_UNREACHABLE_CODE = YES;
				CLANG_WARN__DUPLICATE_METHOD_MATCH = YES;
				"CODE_SIGN_IDENTITY[sdk=iphoneos*]" = "iPhone Developer";
				COPY_PHASE_STRIP = NO;
				DEBUG_INFORMATION_FORMAT = dwarf;
				ENABLE_STRICT_OBJC_MSGSEND = YES;
				ENABLE_TESTABILITY = YES;
				GCC_C_LANGUAGE_STANDARD = gnu99;
				GCC_DYNAMIC_NO_PIC = NO;
				GCC_NO_COMMON_BLOCKS = YES;
				GCC_OPTIMIZATION_LEVEL = 0;
				GCC_PREPROCESSOR_DEFINITIONS = (
					"DEBUG=1",
					"$(inherited)",
				);
				GCC_WARN_64_TO_32_BIT_CONVERSION = YES;
				GCC_WARN_ABOUT_RETURN_TYPE = YES_ERROR;
				GCC_WARN_UNDECLARED_SELECTOR = YES;
				GCC_WARN_UNINITIALIZED_AUTOS = YES_AGGRESSIVE;
				GCC_WARN_UNUSED_FUNCTION = YES;
				GCC_WARN_UNUSED_VARIABLE = YES;
				IPHONEOS_DEPLOYMENT_TARGET = 10.2;
				MTL_ENABLE_DEBUG_INFO = YES;
				ONLY_ACTIVE_ARCH = YES;
				SDKROOT = iphoneos;
				SWIFT_ACTIVE_COMPILATION_CONDITIONS = DEBUG;
				SWIFT_OPTIMIZATION_LEVEL = "-Onone";
				TARGETED_DEVICE_FAMILY = "1,2";
			};
			name = Debug;
		};
		515979731E96073200EEB796 /* Release */ = {
			isa = XCBuildConfiguration;
			buildSettings = {
				ALWAYS_SEARCH_USER_PATHS = NO;
				CLANG_ANALYZER_NONNULL = YES;
				CLANG_CXX_LANGUAGE_STANDARD = "gnu++0x";
				CLANG_CXX_LIBRARY = "libc++";
				CLANG_ENABLE_MODULES = YES;
				CLANG_ENABLE_OBJC_ARC = YES;
				CLANG_WARN_BOOL_CONVERSION = YES;
				CLANG_WARN_CONSTANT_CONVERSION = YES;
				CLANG_WARN_DIRECT_OBJC_ISA_USAGE = YES_ERROR;
				CLANG_WARN_DOCUMENTATION_COMMENTS = YES;
				CLANG_WARN_EMPTY_BODY = YES;
				CLANG_WARN_ENUM_CONVERSION = YES;
				CLANG_WARN_INFINITE_RECURSION = YES;
				CLANG_WARN_INT_CONVERSION = YES;
				CLANG_WARN_OBJC_ROOT_CLASS = YES_ERROR;
				CLANG_WARN_SUSPICIOUS_MOVE = YES;
				CLANG_WARN_UNREACHABLE_CODE = YES;
				CLANG_WARN__DUPLICATE_METHOD_MATCH = YES;
				"CODE_SIGN_IDENTITY[sdk=iphoneos*]" = "iPhone Developer";
				COPY_PHASE_STRIP = NO;
				DEBUG_INFORMATION_FORMAT = "dwarf-with-dsym";
				ENABLE_NS_ASSERTIONS = NO;
				ENABLE_STRICT_OBJC_MSGSEND = YES;
				GCC_C_LANGUAGE_STANDARD = gnu99;
				GCC_NO_COMMON_BLOCKS = YES;
				GCC_WARN_64_TO_32_BIT_CONVERSION = YES;
				GCC_WARN_ABOUT_RETURN_TYPE = YES_ERROR;
				GCC_WARN_UNDECLARED_SELECTOR = YES;
				GCC_WARN_UNINITIALIZED_AUTOS = YES_AGGRESSIVE;
				GCC_WARN_UNUSED_FUNCTION = YES;
				GCC_WARN_UNUSED_VARIABLE = YES;
				IPHONEOS_DEPLOYMENT_TARGET = 10.2;
				MTL_ENABLE_DEBUG_INFO = NO;
				SDKROOT = iphoneos;
				SWIFT_OPTIMIZATION_LEVEL = "-Owholemodule";
				TARGETED_DEVICE_FAMILY = "1,2";
				VALIDATE_PRODUCT = YES;
			};
			name = Release;
		};
		515979751E96073200EEB796 /* Debug */ = {
			isa = XCBuildConfiguration;
			buildSettings = {
				ASSETCATALOG_COMPILER_APPICON_NAME = AppIcon;
				CLANG_ENABLE_MODULES = YES;
				DEVELOPMENT_TEAM = P72293BTY9;
				INFOPLIST_FILE = AssetTracking/Info.plist;
				IPHONEOS_DEPLOYMENT_TARGET = 9.3;
				LD_RUNPATH_SEARCH_PATHS = "$(inherited) @executable_path/Frameworks";
				PRODUCT_BUNDLE_IDENTIFIER = com.nalashaa.AssetTracking;
				PRODUCT_NAME = "$(TARGET_NAME)";
				SWIFT_OPTIMIZATION_LEVEL = "-Onone";
				SWIFT_VERSION = 3.0;
			};
			name = Debug;
		};
		515979761E96073200EEB796 /* Release */ = {
			isa = XCBuildConfiguration;
			buildSettings = {
				ASSETCATALOG_COMPILER_APPICON_NAME = AppIcon;
				CLANG_ENABLE_MODULES = YES;
				DEVELOPMENT_TEAM = P72293BTY9;
				INFOPLIST_FILE = AssetTracking/Info.plist;
				IPHONEOS_DEPLOYMENT_TARGET = 9.3;
				LD_RUNPATH_SEARCH_PATHS = "$(inherited) @executable_path/Frameworks";
				PRODUCT_BUNDLE_IDENTIFIER = com.nalashaa.AssetTracking;
				PRODUCT_NAME = "$(TARGET_NAME)";
				SWIFT_VERSION = 3.0;
			};
			name = Release;
		};
/* End XCBuildConfiguration section */

/* Begin XCConfigurationList section */
		5159795D1E96073200EEB796 /* Build configuration list for PBXProject "AssetTracking" */ = {
			isa = XCConfigurationList;
			buildConfigurations = (
				515979721E96073200EEB796 /* Debug */,
				515979731E96073200EEB796 /* Release */,
			);
			defaultConfigurationIsVisible = 0;
			defaultConfigurationName = Release;
		};
		515979741E96073200EEB796 /* Build configuration list for PBXNativeTarget "AssetTracking" */ = {
			isa = XCConfigurationList;
			buildConfigurations = (
				515979751E96073200EEB796 /* Debug */,
				515979761E96073200EEB796 /* Release */,
			);
			defaultConfigurationIsVisible = 0;
			defaultConfigurationName = Release;
		};
/* End XCConfigurationList section */
	};
	rootObject = 5159795A1E96073200EEB796 /* Project object */;
}
